
Microsoft Visual Studio Solution File, Format Version 12.00
# Visual Studio Version 17
VisualStudioVersion = 17.10.35122.118
MinimumVisualStudioVersion = 10.0.40219.1
Project("{FAE04EC0-301F-11D3-BF4B-00C04F79EFBC}") = "CompositeDesignPattern", "CompositeDesignPattern.csproj", "{353AD50B-7F84-4A75-A8AD-B792DBFF75F2}"
EndProject
Project("{FAE04EC0-301F-11D3-BF4B-00C04F79EFBC}") = "UnitTests", "..\UnitTests\UnitTests.csproj", "{ACB1C383-7879-4998-86E2-E2AF26C0BDD2}"
EndProject
Project("{FAE04EC0-301F-11D3-BF4B-00C04F79EFBC}") = "GiftfConsole", "..\GiftfConsole\GiftfConsole.csproj", "{54EB01F3-1275-4EB7-8922-D78DCF288259}"
EndProject
Global
	GlobalSection(SolutionConfigurationPlatforms) = preSolution
		Debug|Any CPU = Debug|Any CPU
		Release|Any CPU = Release|Any CPU
	EndGlobalSection
	GlobalSection(ProjectConfigurationPlatforms) = postSolution
		{353AD50B-7F84-4A75-A8AD-B792DBFF75F2}.Debug|Any CPU.ActiveCfg = Debug|Any CPU
		{353AD50B-7F84-4A75-A8AD-B792DBFF75F2}.Debug|Any CPU.Build.0 = Debug|Any CPU
		{353AD50B-7F84-4A75-A8AD-B792DBFF75F2}.Release|Any CPU.ActiveCfg = Release|Any CPU
		{353AD50B-7F84-4A75-A8AD-B792DBFF75F2}.Release|Any CPU.Build.0 = Release|Any CPU
		{ACB1C383-7879-4998-86E2-E2AF26C0BDD2}.Debug|Any CPU.ActiveCfg = Debug|Any CPU
		{ACB1C383-7879-4998-86E2-E2AF26C0BDD2}.Debug|Any CPU.Build.0 = Debug|Any CPU
		{ACB1C383-7879-4998-86E2-E2AF26C0BDD2}.Release|Any CPU.ActiveCfg = Release|Any CPU
		{ACB1C383-7879-4998-86E2-E2AF26C0BDD2}.Release|Any CPU.Build.0 = Release|Any CPU
		{54EB01F3-1275-4EB7-8922-D78DCF288259}.Debug|Any CPU.ActiveCfg = Debug|Any CPU
		{54EB01F3-1275-4EB7-8922-D78DCF288259}.Debug|Any CPU.Build.0 = Debug|Any CPU
		{54EB01F3-1275-4EB7-8922-D78DCF288259}.Release|Any CPU.ActiveCfg = Release|Any CPU
		{54EB01F3-1275-4EB7-8922-D78DCF288259}.Release|Any CPU.Build.0 = Release|Any CPU
	EndGlobalSection
	GlobalSection(SolutionProperties) = preSolution
		HideSolutionNode = FALSE
	EndGlobalSection
	GlobalSection(ExtensibilityGlobals) = postSolution
		SolutionGuid = {2B95398D-35E2-4D1B-B246-788C74292517}
	EndGlobalSection
EndGlobal
